
Microsoft Visual Studio Solution File, Format Version 12.00
# Visual Studio Version 17
VisualStudioVersion = 17.0.31717.71
MinimumVisualStudioVersion = 10.0.40219.1
Project("{FAE04EC0-301F-11D3-BF4B-00C04F79EFBC}") = "ConsoleApp3", "ConsoleApp3\ConsoleApp3.csproj", "{DE413339-D2A2-4D13-A3C7-01CE16F2472F}"
EndProject
Global
	GlobalSection(SolutionConfigurationPlatforms) = preSolution
		Debug|Any CPU = Debug|Any CPU
		Release|Any CPU = Release|Any CPU
	EndGlobalSection
	GlobalSection(ProjectConfigurationPlatforms) = postSolution
		{DE413339-D2A2-4D13-A3C7-01CE16F2472F}.Debug|Any CPU.ActiveCfg = Debug|Any CPU
		{DE413339-D2A2-4D13-A3C7-01CE16F2472F}.Debug|Any CPU.Build.0 = Debug|Any CPU
		{DE413339-D2A2-4D13-A3C7-01CE16F2472F}.Release|Any CPU.ActiveCfg = Release|Any CPU
		{DE413339-D2A2-4D13-A3C7-01CE16F2472F}.Release|Any CPU.Build.0 = Release|Any CPU
	EndGlobalSection
	GlobalSection(SolutionProperties) = preSolution
		HideSolutionNode = FALSE
	EndGlobalSection
	GlobalSection(ExtensibilityGlobals) = postSolution
		SolutionGuid = {5D353190-7064-40AB-A156-F85D7BBB5ABC}
	EndGlobalSection
EndGlobal
